
Microsoft Visual Studio Solution File, Format Version 12.00
# Visual Studio Version 17
VisualStudioVersion = 17.9.34728.123
MinimumVisualStudioVersion = 10.0.40219.1
Project("{FAE04EC0-301F-11D3-BF4B-00C04F79EFBC}") = "PrevisaoProventos", "PrevisaoProventos\PrevisaoProventos.csproj", "{65FB1207-A3BD-4EBE-9626-7CA0A6304CAD}"
EndProject
Global
	GlobalSection(SolutionConfigurationPlatforms) = preSolution
		Debug|Any CPU = Debug|Any CPU
		Release|Any CPU = Release|Any CPU
	EndGlobalSection
	GlobalSection(ProjectConfigurationPlatforms) = postSolution
		{65FB1207-A3BD-4EBE-9626-7CA0A6304CAD}.Debug|Any CPU.ActiveCfg = Debug|Any CPU
		{65FB1207-A3BD-4EBE-9626-7CA0A6304CAD}.Debug|Any CPU.Build.0 = Debug|Any CPU
		{65FB1207-A3BD-4EBE-9626-7CA0A6304CAD}.Release|Any CPU.ActiveCfg = Release|Any CPU
		{65FB1207-A3BD-4EBE-9626-7CA0A6304CAD}.Release|Any CPU.Build.0 = Release|Any CPU
	EndGlobalSection
	GlobalSection(SolutionProperties) = preSolution
		HideSolutionNode = FALSE
	EndGlobalSection
	GlobalSection(ExtensibilityGlobals) = postSolution
		SolutionGuid = {95FABEFB-601C-4285-AE50-F1A38FB6FF72}
	EndGlobalSection
EndGlobal
